
Microsoft Visual Studio Solution File, Format Version 12.00
# Visual Studio Version 17
VisualStudioVersion = 17.5.33414.496
MinimumVisualStudioVersion = 10.0.40219.1
Project("{FAE04EC0-301F-11D3-BF4B-00C04F79EFBC}") = "CS3280GroupAssignment", "CS3280GroupAssignment.csproj", "{0F6AFCEA-3080-46D5-AABD-ABAD39CD1645}"
EndProject
Global
	GlobalSection(SolutionConfigurationPlatforms) = preSolution
		Debug|Any CPU = Debug|Any CPU
		Release|Any CPU = Release|Any CPU
	EndGlobalSection
	GlobalSection(ProjectConfigurationPlatforms) = postSolution
		{0F6AFCEA-3080-46D5-AABD-ABAD39CD1645}.Debug|Any CPU.ActiveCfg = Debug|Any CPU
		{0F6AFCEA-3080-46D5-AABD-ABAD39CD1645}.Debug|Any CPU.Build.0 = Debug|Any CPU
		{0F6AFCEA-3080-46D5-AABD-ABAD39CD1645}.Release|Any CPU.ActiveCfg = Release|Any CPU
		{0F6AFCEA-3080-46D5-AABD-ABAD39CD1645}.Release|Any CPU.Build.0 = Release|Any CPU
	EndGlobalSection
	GlobalSection(SolutionProperties) = preSolution
		HideSolutionNode = FALSE
	EndGlobalSection
	GlobalSection(ExtensibilityGlobals) = postSolution
		SolutionGuid = {638F787B-DF92-4E71-AF14-38579FF27665}
	EndGlobalSection
EndGlobal
